<?xml version="1.0" encoding="utf-8"?>
<Project ToolsVersion="4.0" xmlns="http://schemas.microsoft.com/developer/msbuild/2003">
  <ItemGroup>
    <Filter Include="02. Main">
      <UniqueIdentifier>{6b5a48cf-00a6-41bf-933c-fc0744b98ecc}</UniqueIdentifier>
    </Filter>
    <Filter Include="03. Game">
      <UniqueIdentifier>{6474b403-9c7c-406f-a603-9496ab742a7a}</UniqueIdentifier>
    </Filter>
    <Filter Include="01. 리소스 파일">
      <UniqueIdentifier>{67DA6AB6-F800-4c08-8B7A-83BB121AAD01}</UniqueIdentifier>
      <Extensions>rc;ico;cur;bmp;dlg;rc2;rct;bin;rgs;gif;jpg;jpeg;jpe;resx;tiff;tif;png;wav;mfcribbon-ms</Extensions>
    </Filter>
    <Filter Include="03. Game\01. Header">
      <UniqueIdentifier>{15698c17-0497-497c-ac70-2aca5e489185}</UniqueIdentifier>
    </Filter>
    <Filter Include="02. Main\Header">
      <UniqueIdentifier>{4165deb8-70c2-4e21-a212-f063ad37b1ee}</UniqueIdentifier>
    </Filter>
    <Filter Include="03. Game\02. Engine">
      <UniqueIdentifier>{013d9a03-95c1-4bd1-83a6-f39d4561a581}</UniqueIdentifier>
    </Filter>
    <Filter Include="03. Game\Module">
      <UniqueIdentifier>{2cbab01e-b72e-4e36-826d-8ed995fb7d38}</UniqueIdentifier>
    </Filter>
    <Filter Include="03. Game\03. Manager">
      <UniqueIdentifier>{3568bd54-b56f-4016-82db-26c275d795a4}</UniqueIdentifier>
    </Filter>
    <Filter Include="03. Game\04. Level">
      <UniqueIdentifier>{1f967250-172a-424a-bbbb-036100537607}</UniqueIdentifier>
    </Filter>
    <Filter Include="03. Game\03. Manager\LevelMgr">
      <UniqueIdentifier>{184f3844-c97e-4938-984f-c77697c20274}</UniqueIdentifier>
    </Filter>
    <Filter Include="03. Game\03. Manager\TimeMgr">
      <UniqueIdentifier>{d59d1354-491a-4550-92c0-23adf77da016}</UniqueIdentifier>
    </Filter>
    <Filter Include="03. Game\00. Global Functions">
      <UniqueIdentifier>{8d38410f-e408-4a9f-acd0-1dc28264e378}</UniqueIdentifier>
    </Filter>
    <Filter Include="03. Game\Module\SelectObj">
      <UniqueIdentifier>{d5d871ba-f2a3-4cb5-a710-11a4078e54ba}</UniqueIdentifier>
    </Filter>
    <Filter Include="03. Game\03. Manager\KeyMgr">
      <UniqueIdentifier>{fc552c28-c149-4b35-8211-c328a9e2a635}</UniqueIdentifier>
    </Filter>
    <Filter Include="03. Game\06. Component">
      <UniqueIdentifier>{1bed2385-4c90-4c02-ae30-472adbab66c9}</UniqueIdentifier>
    </Filter>
    <Filter Include="03. Game\06. Component\Collider">
      <UniqueIdentifier>{2b3ede82-20bb-43f1-a9c6-2213c8fed452}</UniqueIdentifier>
    </Filter>
    <Filter Include="03. Game\03. Manager\DbgRenderer">
      <UniqueIdentifier>{e4a3c75e-065b-4537-b76a-3422bdc7681c}</UniqueIdentifier>
    </Filter>
    <Filter Include="03. Game\03. Manager\CollisionMgr">
      <UniqueIdentifier>{08e57740-77b3-4a80-b913-2b280f1b893a}</UniqueIdentifier>
    </Filter>
    <Filter Include="03. Game\03. Manager\TaskMgr">
      <UniqueIdentifier>{141c6cf8-d98d-4b6c-b297-e2e4cd234dab}</UniqueIdentifier>
    </Filter>
    <Filter Include="03. Game\07. Asset">
      <UniqueIdentifier>{98b3e5c5-c095-43e3-be27-26dcfa83d1df}</UniqueIdentifier>
    </Filter>
    <Filter Include="03. Game\07. Asset\Sound">
      <UniqueIdentifier>{7284f261-df50-448c-a096-b7bd25d2212e}</UniqueIdentifier>
    </Filter>
    <Filter Include="03. Game\07. Asset\Texture">
      <UniqueIdentifier>{3a38d38c-c72f-4849-9c1f-d91a15702615}</UniqueIdentifier>
    </Filter>
    <Filter Include="03. Game\03. Manager\AssetMgr">
      <UniqueIdentifier>{37061ddf-e80e-4e80-a37e-105c84da9b1f}</UniqueIdentifier>
    </Filter>
    <Filter Include="03. Game\03. Manager\PathMgr">
      <UniqueIdentifier>{3cef4673-136d-4d96-81ff-1b209a3f0aca}</UniqueIdentifier>
    </Filter>
    <Filter Include="03. Game\06. Component\Animator">
      <UniqueIdentifier>{e59dfdf4-74c6-4d0c-8ddb-58777eb24f81}</UniqueIdentifier>
    </Filter>
    <Filter Include="03. Game\Module\Animation">
      <UniqueIdentifier>{9d203ef0-3026-4582-91a8-c8b4ec0173d6}</UniqueIdentifier>
    </Filter>
    <Filter Include="03. Game\Module\AI">
      <UniqueIdentifier>{49c73828-6dbb-4b87-a75a-fcb8bc0ae329}</UniqueIdentifier>
    </Filter>
    <Filter Include="03. Game\06. Component\FSM">
      <UniqueIdentifier>{971d6708-bbe4-4ecc-9e3a-253893c6ffec}</UniqueIdentifier>
    </Filter>
    <Filter Include="03. Game\Module\State">
      <UniqueIdentifier>{bfec210f-9c7d-4817-a650-1f92986c9ad2}</UniqueIdentifier>
    </Filter>
    <Filter Include="03. Game\Module\State\MonsterState">
      <UniqueIdentifier>{5b392259-3865-4727-917b-1db2cba8819a}</UniqueIdentifier>
    </Filter>
    <Filter Include="03. Game\06. Component\Rigidbody">
      <UniqueIdentifier>{2ccf35ce-06de-4688-b2b6-9275ae333789}</UniqueIdentifier>
    </Filter>
    <Filter Include="03. Game\03. Manager\Camera">
      <UniqueIdentifier>{c88a8dea-4ef2-4d93-9919-17a135fe7cf5}</UniqueIdentifier>
    </Filter>
    <Filter Include="03. Game\04. Level\Boss Stage 1">
      <UniqueIdentifier>{00ff60bb-3bf3-4efc-ba40-bbec89a128e0}</UniqueIdentifier>
    </Filter>
    <Filter Include="03. Game\04. Level\Run and Gun Stage 1">
      <UniqueIdentifier>{6ab9300b-0765-4703-a161-c40f29e76924}</UniqueIdentifier>
    </Filter>
    <Filter Include="03. Game\04. Level\Test Level">
      <UniqueIdentifier>{581d2d6e-aad2-4ea6-b843-edb9eadf3565}</UniqueIdentifier>
    </Filter>
    <Filter Include="03. Game\04. Level\Boss Stage 1\Level_Goopy_Le_Grande">
      <UniqueIdentifier>{d709b47a-2066-4e8f-a4fc-c6d4e5bd4164}</UniqueIdentifier>
    </Filter>
    <Filter Include="03. Game\04. Level\Boss Stage 1\Boss_Goopy_Le_Grande">
      <UniqueIdentifier>{e1339f70-000d-4b8d-8fa6-8973d9846cfc}</UniqueIdentifier>
    </Filter>
    <Filter Include="03. Game\04. Level\Boss Stage 1\Question Mark">
      <UniqueIdentifier>{ec30b6a7-f761-4784-8cfd-1c67edda7cd3}</UniqueIdentifier>
    </Filter>
    <Filter Include="03. Game\04. Level\World Map">
      <UniqueIdentifier>{53fa2cc9-5f3f-4df3-9e97-d6f37dbdccca}</UniqueIdentifier>
    </Filter>
    <Filter Include="03. Game\04. Level\Boss Stage 2">
      <UniqueIdentifier>{7aec7cd5-f64a-4852-bffc-e4d4d3bc3e1f}</UniqueIdentifier>
    </Filter>
    <Filter Include="03. Game\04. Level\Boss Stage 2\Boss Veggie">
      <UniqueIdentifier>{b3181295-c5af-4e51-aaee-03220202de72}</UniqueIdentifier>
    </Filter>
    <Filter Include="03. Game\04. Level\Boss Stage 2\Level Veggie">
      <UniqueIdentifier>{04cc1127-3742-4384-9d5e-2556476bcf27}</UniqueIdentifier>
    </Filter>
    <Filter Include="03. Game\05. Object">
      <UniqueIdentifier>{2273ef25-bf68-4622-bb95-8aef950a0359}</UniqueIdentifier>
    </Filter>
    <Filter Include="03. Game\05. Object\Player">
      <UniqueIdentifier>{95396ce1-c9bc-4c02-9947-5737432ddb91}</UniqueIdentifier>
    </Filter>
    <Filter Include="03. Game\05. Object\Missile">
      <UniqueIdentifier>{b9804d65-54d5-4c0d-8b4d-4c011c82c248}</UniqueIdentifier>
    </Filter>
    <Filter Include="03. Game\05. Object\Missile\GuidedMissile">
      <UniqueIdentifier>{b9948355-bbbe-46ed-9b09-f43af5188de9}</UniqueIdentifier>
    </Filter>
    <Filter Include="03. Game\05. Object\Missile\Player Missile">
      <UniqueIdentifier>{ef1125e9-ea5f-4197-8d47-7121d48c7c62}</UniqueIdentifier>
    </Filter>
    <Filter Include="03. Game\05. Object\Missile\Player Missile\Peashooter">
      <UniqueIdentifier>{4776892a-6ce3-48a4-ba0a-7c6aa6291ed1}</UniqueIdentifier>
    </Filter>
    <Filter Include="03. Game\05. Object\Monster">
      <UniqueIdentifier>{80f86f13-d77a-44bc-b160-0a20bfdc11b7}</UniqueIdentifier>
    </Filter>
    <Filter Include="03. Game\05. Object\Force">
      <UniqueIdentifier>{c225d237-c84e-4b98-9f21-fbae715dc2d2}</UniqueIdentifier>
    </Filter>
    <Filter Include="03. Game\05. Object\Platform">
      <UniqueIdentifier>{c51d1b3a-42f8-4f70-b64c-6b0707cb464f}</UniqueIdentifier>
    </Filter>
    <Filter Include="03. Game\05. Object\Ground">
      <UniqueIdentifier>{472b0e40-18d1-4acb-b1ad-97c1c5f3768c}</UniqueIdentifier>
    </Filter>
    <Filter Include="03. Game\05. Object\Background">
      <UniqueIdentifier>{e208ba97-e3ac-48d3-a60d-f7bcbca27302}</UniqueIdentifier>
    </Filter>
    <Filter Include="03. Game\05. Object\Background\Cloud">
      <UniqueIdentifier>{4c06ef7e-4f17-49f0-a297-92e8c66d4ff8}</UniqueIdentifier>
    </Filter>
    <Filter Include="03. Game\05. Object\Wall">
      <UniqueIdentifier>{724c17bd-6a5f-4a10-a8aa-d3dd66b258e1}</UniqueIdentifier>
    </Filter>
    <Filter Include="03. Game\05. Object\Effect">
      <UniqueIdentifier>{1ef2c0d3-fce0-48c6-9ff1-dd7d9f930678}</UniqueIdentifier>
    </Filter>
    <Filter Include="03. Game\05. Object\Worldmap Player">
      <UniqueIdentifier>{ac37026d-b67f-4eaa-9ff8-9a78ef0008fb}</UniqueIdentifier>
    </Filter>
    <Filter Include="03. Game\05. Object\Worldmap Point">
      <UniqueIdentifier>{ed85b60b-89d7-4ae4-b145-daef8f9cb61a}</UniqueIdentifier>
    </Filter>
    <Filter Include="03. Game\04. Level\Boss Stage 2\Boss Missile">
      <UniqueIdentifier>{46b65b94-2749-4ee2-b4ac-a0402c8dbb9c}</UniqueIdentifier>
    </Filter>
    <Filter Include="03. Game\04. Level\Boss Stage 2\Boss Veggie\Potato">
      <UniqueIdentifier>{d20a4c7e-ef06-4d5a-89a9-96740628e6c4}</UniqueIdentifier>
    </Filter>
    <Filter Include="03. Game\04. Level\Boss Stage 2\Boss Veggie\Onion">
      <UniqueIdentifier>{2e9ed639-6dac-4b87-b78a-c0b305d2b4ae}</UniqueIdentifier>
    </Filter>
  </ItemGroup>
  <ItemGroup>
    <ClInclude Include="define.h">
      <Filter>03. Game\01. Header</Filter>
    </ClInclude>
    <ClInclude Include="enum.h">
      <Filter>03. Game\01. Header</Filter>
    </ClInclude>
    <ClInclude Include="CEngine.h">
      <Filter>03. Game\02. Engine</Filter>
    </ClInclude>
    <ClInclude Include="CEntity.h">
      <Filter>03. Game</Filter>
    </ClInclude>
    <ClInclude Include="framework.h">
      <Filter>02. Main\Header</Filter>
    </ClInclude>
    <ClInclude Include="pch.h">
      <Filter>02. Main\Header</Filter>
    </ClInclude>
    <ClInclude Include="Resource.h">
      <Filter>02. Main\Header</Filter>
    </ClInclude>
    <ClInclude Include="Singleton.h">
      <Filter>02. Main\Header</Filter>
    </ClInclude>
    <ClInclude Include="targetver.h">
      <Filter>02. Main\Header</Filter>
    </ClInclude>
    <ClInclude Include="struct.h">
      <Filter>03. Game\01. Header</Filter>
    </ClInclude>
    <ClInclude Include="CObj.h">
      <Filter>03. Game\05. Object</Filter>
    </ClInclude>
    <ClInclude Include="CLevel.h">
      <Filter>03. Game\04. Level</Filter>
    </ClInclude>
    <ClInclude Include="CLevelMgr.h">
      <Filter>03. Game\03. Manager\LevelMgr</Filter>
    </ClInclude>
    <ClInclude Include="CTimeMgr.h">
      <Filter>03. Game\03. Manager\TimeMgr</Filter>
    </ClInclude>
    <ClInclude Include="CMissile.h">
      <Filter>03. Game\05. Object\Missile</Filter>
    </ClInclude>
    <ClInclude Include="CPlayer.h">
      <Filter>03. Game\05. Object\Player</Filter>
    </ClInclude>
    <ClInclude Include="CSelectObj.h">
      <Filter>03. Game\Module\SelectObj</Filter>
    </ClInclude>
    <ClInclude Include="func.h">
      <Filter>03. Game\00. Global Functions</Filter>
    </ClInclude>
    <ClInclude Include="CKeyMgr.h">
      <Filter>03. Game\03. Manager\KeyMgr</Filter>
    </ClInclude>
    <ClInclude Include="CComponent.h">
      <Filter>03. Game\06. Component</Filter>
    </ClInclude>
    <ClInclude Include="CMonster.h">
      <Filter>03. Game\05. Object\Monster</Filter>
    </ClInclude>
    <ClInclude Include="CCollider.h">
      <Filter>03. Game\06. Component\Collider</Filter>
    </ClInclude>
    <ClInclude Include="CDbgRenderer.h">
      <Filter>03. Game\03. Manager\DbgRenderer</Filter>
    </ClInclude>
    <ClInclude Include="CCollisionMgr.h">
      <Filter>03. Game\03. Manager\CollisionMgr</Filter>
    </ClInclude>
    <ClInclude Include="CTaskMgr.h">
      <Filter>03. Game\03. Manager\TaskMgr</Filter>
    </ClInclude>
    <ClInclude Include="CAsset.h">
      <Filter>03. Game\07. Asset</Filter>
    </ClInclude>
    <ClInclude Include="CSound.h">
      <Filter>03. Game\07. Asset\Sound</Filter>
    </ClInclude>
    <ClInclude Include="CTexture.h">
      <Filter>03. Game\07. Asset\Texture</Filter>
    </ClInclude>
    <ClInclude Include="CAssetMgr.h">
      <Filter>03. Game\03. Manager\AssetMgr</Filter>
    </ClInclude>
    <ClInclude Include="CPathMgr.h">
      <Filter>03. Game\03. Manager\PathMgr</Filter>
    </ClInclude>
    <ClInclude Include="CGuidedMissile.h">
      <Filter>03. Game\05. Object\Missile\GuidedMissile</Filter>
    </ClInclude>
    <ClInclude Include="CAnimator.h">
      <Filter>03. Game\06. Component\Animator</Filter>
    </ClInclude>
    <ClInclude Include="CAnimation.h">
      <Filter>03. Game\Module\Animation</Filter>
    </ClInclude>
    <ClInclude Include="libs\json.hpp">
      <Filter>02. Main\Header</Filter>
    </ClInclude>
    <ClInclude Include="AI.h">
      <Filter>03. Game\Module\AI</Filter>
    </ClInclude>
    <ClInclude Include="CFSM.h">
      <Filter>03. Game\06. Component\FSM</Filter>
    </ClInclude>
    <ClInclude Include="CState.h">
      <Filter>03. Game\Module\State</Filter>
    </ClInclude>
    <ClInclude Include="CAttackState.h">
      <Filter>03. Game\Module\State\MonsterState</Filter>
    </ClInclude>
    <ClInclude Include="CDeadState.h">
      <Filter>03. Game\Module\State\MonsterState</Filter>
    </ClInclude>
    <ClInclude Include="CIdleState.h">
      <Filter>03. Game\Module\State\MonsterState</Filter>
    </ClInclude>
    <ClInclude Include="CTraceState.h">
      <Filter>03. Game\Module\State\MonsterState</Filter>
    </ClInclude>
    <ClInclude Include="CRigidbody.h">
      <Filter>03. Game\06. Component\Rigidbody</Filter>
    </ClInclude>
    <ClInclude Include="CForce.h">
      <Filter>03. Game\05. Object\Force</Filter>
    </ClInclude>
    <ClInclude Include="CPlatform.h">
      <Filter>03. Game\05. Object\Platform</Filter>
    </ClInclude>
    <ClInclude Include="CGround.h">
      <Filter>03. Game\05. Object\Ground</Filter>
    </ClInclude>
    <ClInclude Include="CCamera.h">
      <Filter>03. Game\03. Manager\Camera</Filter>
    </ClInclude>
    <ClInclude Include="CRunAndGunStage1.h">
      <Filter>03. Game\04. Level\Run and Gun Stage 1</Filter>
    </ClInclude>
    <ClInclude Include="CLevel_Test.h">
      <Filter>03. Game\04. Level\Test Level</Filter>
    </ClInclude>
    <ClInclude Include="CBackground.h">
      <Filter>03. Game\05. Object\Background</Filter>
    </ClInclude>
    <ClInclude Include="CWall.h">
      <Filter>03. Game\05. Object\Wall</Filter>
    </ClInclude>
    <ClInclude Include="CLevel_Goopy_Le_Grande.h">
      <Filter>03. Game\04. Level\Boss Stage 1\Level_Goopy_Le_Grande</Filter>
    </ClInclude>
    <ClInclude Include="Goopy_Le_Grande.h">
      <Filter>03. Game\04. Level\Boss Stage 1\Boss_Goopy_Le_Grande</Filter>
    </ClInclude>
    <ClInclude Include="Question_Mark.h">
      <Filter>03. Game\04. Level\Boss Stage 1\Question Mark</Filter>
    </ClInclude>
    <ClInclude Include="CEffect.h">
      <Filter>03. Game\05. Object\Effect</Filter>
    </ClInclude>
    <ClInclude Include="World_Map.h">
      <Filter>03. Game\04. Level\World Map</Filter>
    </ClInclude>
    <ClInclude Include="Worldmap_Player.h">
      <Filter>03. Game\05. Object\Worldmap Player</Filter>
    </ClInclude>
    <ClInclude Include="Peashooter.h">
      <Filter>03. Game\05. Object\Missile\Player Missile\Peashooter</Filter>
    </ClInclude>
    <ClInclude Include="CWorldmap_Point.h">
      <Filter>03. Game\05. Object\Worldmap Point</Filter>
    </ClInclude>
    <ClInclude Include="CLevel_Veggie.h">
      <Filter>03. Game\04. Level\Boss Stage 2\Level Veggie</Filter>
    </ClInclude>
    <ClInclude Include="Veggie.h">
      <Filter>03. Game\04. Level\Boss Stage 2\Boss Veggie</Filter>
    </ClInclude>
    <ClInclude Include="Cloud.h">
      <Filter>03. Game\05. Object\Background\Cloud</Filter>
    </ClInclude>
    <ClInclude Include="Potato.h">
      <Filter>03. Game\04. Level\Boss Stage 2\Boss Veggie\Potato</Filter>
    </ClInclude>
    <ClInclude Include="Onion.h">
      <Filter>03. Game\04. Level\Boss Stage 2\Boss Veggie\Onion</Filter>
    </ClInclude>
    <ClInclude Include="Potato_Shot.h">
      <Filter>03. Game\04. Level\Boss Stage 2\Boss Missile</Filter>
    </ClInclude>
  </ItemGroup>
  <ItemGroup>
    <ClCompile Include="main.cpp">
      <Filter>02. Main</Filter>
    </ClCompile>
    <ClCompile Include="pch.cpp">
      <Filter>02. Main</Filter>
    </ClCompile>
    <ClCompile Include="CEngine.cpp">
      <Filter>03. Game\02. Engine</Filter>
    </ClCompile>
    <ClCompile Include="CEntity.cpp">
      <Filter>03. Game</Filter>
    </ClCompile>
    <ClCompile Include="CObj.cpp">
      <Filter>03. Game\05. Object</Filter>
    </ClCompile>
    <ClCompile Include="CLevel.cpp">
      <Filter>03. Game\04. Level</Filter>
    </ClCompile>
    <ClCompile Include="CLevelMgr.cpp">
      <Filter>03. Game\03. Manager\LevelMgr</Filter>
    </ClCompile>
    <ClCompile Include="CTimeMgr.cpp">
      <Filter>03. Game\03. Manager\TimeMgr</Filter>
    </ClCompile>
    <ClCompile Include="CMissile.cpp">
      <Filter>03. Game\05. Object\Missile</Filter>
    </ClCompile>
    <ClCompile Include="CPlayer.cpp">
      <Filter>03. Game\05. Object\Player</Filter>
    </ClCompile>
    <ClCompile Include="CSelectObj.cpp">
      <Filter>03. Game\Module\SelectObj</Filter>
    </ClCompile>
    <ClCompile Include="func.cpp">
      <Filter>03. Game\00. Global Functions</Filter>
    </ClCompile>
    <ClCompile Include="CKeyMgr.cpp">
      <Filter>03. Game\03. Manager\KeyMgr</Filter>
    </ClCompile>
    <ClCompile Include="CComponent.cpp">
      <Filter>03. Game\06. Component</Filter>
    </ClCompile>
    <ClCompile Include="CMonster.cpp">
      <Filter>03. Game\05. Object\Monster</Filter>
    </ClCompile>
    <ClCompile Include="CCollider.cpp">
      <Filter>03. Game\06. Component\Collider</Filter>
    </ClCompile>
    <ClCompile Include="CDbgRenderer.cpp">
      <Filter>03. Game\03. Manager\DbgRenderer</Filter>
    </ClCompile>
    <ClCompile Include="CCollisionMgr.cpp">
      <Filter>03. Game\03. Manager\CollisionMgr</Filter>
    </ClCompile>
    <ClCompile Include="CTaskMgr.cpp">
      <Filter>03. Game\03. Manager\TaskMgr</Filter>
    </ClCompile>
    <ClCompile Include="CAsset.cpp">
      <Filter>03. Game\07. Asset</Filter>
    </ClCompile>
    <ClCompile Include="CSound.cpp">
      <Filter>03. Game\07. Asset\Sound</Filter>
    </ClCompile>
    <ClCompile Include="CTexture.cpp">
      <Filter>03. Game\07. Asset\Texture</Filter>
    </ClCompile>
    <ClCompile Include="CAssetMgr.cpp">
      <Filter>03. Game\03. Manager\AssetMgr</Filter>
    </ClCompile>
    <ClCompile Include="CPathMgr.cpp">
      <Filter>03. Game\03. Manager\PathMgr</Filter>
    </ClCompile>
    <ClCompile Include="CGuidedMissile.cpp">
      <Filter>03. Game\05. Object\Missile\GuidedMissile</Filter>
    </ClCompile>
    <ClCompile Include="CAnimator.cpp">
      <Filter>03. Game\06. Component\Animator</Filter>
    </ClCompile>
    <ClCompile Include="CAnimation.cpp">
      <Filter>03. Game\Module\Animation</Filter>
    </ClCompile>
    <ClCompile Include="AI.cpp">
      <Filter>03. Game\Module\AI</Filter>
    </ClCompile>
    <ClCompile Include="CFSM.cpp">
      <Filter>03. Game\06. Component\FSM</Filter>
    </ClCompile>
    <ClCompile Include="CState.cpp">
      <Filter>03. Game\Module\State</Filter>
    </ClCompile>
    <ClCompile Include="CAttackState.cpp">
      <Filter>03. Game\Module\State\MonsterState</Filter>
    </ClCompile>
    <ClCompile Include="CDeadState.cpp">
      <Filter>03. Game\Module\State\MonsterState</Filter>
    </ClCompile>
    <ClCompile Include="CIdleState.cpp">
      <Filter>03. Game\Module\State\MonsterState</Filter>
    </ClCompile>
    <ClCompile Include="CTraceState.cpp">
      <Filter>03. Game\Module\State\MonsterState</Filter>
    </ClCompile>
    <ClCompile Include="CRigidbody.cpp">
      <Filter>03. Game\06. Component\Rigidbody</Filter>
    </ClCompile>
    <ClCompile Include="CForce.cpp">
      <Filter>03. Game\05. Object\Force</Filter>
    </ClCompile>
    <ClCompile Include="CPlatform.cpp">
      <Filter>03. Game\05. Object\Platform</Filter>
    </ClCompile>
    <ClCompile Include="CGround.cpp">
      <Filter>03. Game\05. Object\Ground</Filter>
    </ClCompile>
    <ClCompile Include="CCamera.cpp">
      <Filter>03. Game\03. Manager\Camera</Filter>
    </ClCompile>
    <ClCompile Include="CRunAndGunStage1.cpp">
      <Filter>03. Game\04. Level\Run and Gun Stage 1</Filter>
    </ClCompile>
    <ClCompile Include="CLevel_Test.cpp">
      <Filter>03. Game\04. Level\Test Level</Filter>
    </ClCompile>
    <ClCompile Include="CBackground.cpp">
      <Filter>03. Game\05. Object\Background</Filter>
    </ClCompile>
    <ClCompile Include="CWall.cpp">
      <Filter>03. Game\05. Object\Wall</Filter>
    </ClCompile>
    <ClCompile Include="CLevel_Goopy_Le_Grande.cpp">
      <Filter>03. Game\04. Level\Boss Stage 1\Level_Goopy_Le_Grande</Filter>
    </ClCompile>
    <ClCompile Include="Goopy_Le_Grande.cpp">
      <Filter>03. Game\04. Level\Boss Stage 1\Boss_Goopy_Le_Grande</Filter>
    </ClCompile>
    <ClCompile Include="Question_Mark.cpp">
      <Filter>03. Game\04. Level\Boss Stage 1\Question Mark</Filter>
    </ClCompile>
    <ClCompile Include="CEffect.cpp">
      <Filter>03. Game\05. Object\Effect</Filter>
    </ClCompile>
    <ClCompile Include="World_Map.cpp">
      <Filter>03. Game\04. Level\World Map</Filter>
    </ClCompile>
    <ClCompile Include="Worldmap_Player.cpp">
      <Filter>03. Game\05. Object\Worldmap Player</Filter>
    </ClCompile>
    <ClCompile Include="Peashooter.cpp">
      <Filter>03. Game\05. Object\Missile\Player Missile\Peashooter</Filter>
    </ClCompile>
    <ClCompile Include="CWorldmap_Point.cpp">
      <Filter>03. Game\05. Object\Worldmap Point</Filter>
    </ClCompile>
    <ClCompile Include="CLevel_Veggie.cpp">
      <Filter>03. Game\04. Level\Boss Stage 2\Level Veggie</Filter>
    </ClCompile>
    <ClCompile Include="Veggie.cpp">
      <Filter>03. Game\04. Level\Boss Stage 2\Boss Veggie</Filter>
    </ClCompile>
    <ClCompile Include="Cloud.cpp">
      <Filter>03. Game\05. Object\Background\Cloud</Filter>
    </ClCompile>
    <ClCompile Include="Potato.cpp">
      <Filter>03. Game\04. Level\Boss Stage 2\Boss Veggie\Potato</Filter>
    </ClCompile>
    <ClCompile Include="Onion.cpp">
      <Filter>03. Game\04. Level\Boss Stage 2\Boss Veggie\Onion</Filter>
    </ClCompile>
    <ClCompile Include="Potato_Shot.cpp">
      <Filter>03. Game\04. Level\Boss Stage 2\Boss Missile</Filter>
    </ClCompile>
  </ItemGroup>
  <ItemGroup>
    <ResourceCompile Include="My_WinAPI.rc">
      <Filter>01. 리소스 파일</Filter>
    </ResourceCompile>
  </ItemGroup>
  <ItemGroup>
    <Image Include="small.ico">
      <Filter>01. 리소스 파일</Filter>
    </Image>
    <Image Include="My_WinAPI.ico">
      <Filter>01. 리소스 파일</Filter>
    </Image>
  </ItemGroup>
</Project>